
Microsoft Visual Studio Solution File, Format Version 12.00
# Visual Studio Version 17
VisualStudioVersion = 17.14.36603.0 d17.14
MinimumVisualStudioVersion = 10.0.40219.1
Project("{FAE04EC0-301F-11D3-BF4B-00C04F79EFBC}") = "ICE12A", "ICE12A\ICE12A.csproj", "{279D1B35-DD4D-4C1A-90F3-E26E764297DF}"
EndProject
Global
	GlobalSection(SolutionConfigurationPlatforms) = preSolution
		Debug|Any CPU = Debug|Any CPU
		Release|Any CPU = Release|Any CPU
	EndGlobalSection
	GlobalSection(ProjectConfigurationPlatforms) = postSolution
		{279D1B35-DD4D-4C1A-90F3-E26E764297DF}.Debug|Any CPU.ActiveCfg = Debug|Any CPU
		{279D1B35-DD4D-4C1A-90F3-E26E764297DF}.Debug|Any CPU.Build.0 = Debug|Any CPU
		{279D1B35-DD4D-4C1A-90F3-E26E764297DF}.Release|Any CPU.ActiveCfg = Release|Any CPU
		{279D1B35-DD4D-4C1A-90F3-E26E764297DF}.Release|Any CPU.Build.0 = Release|Any CPU
	EndGlobalSection
	GlobalSection(SolutionProperties) = preSolution
		HideSolutionNode = FALSE
	EndGlobalSection
	GlobalSection(ExtensibilityGlobals) = postSolution
		SolutionGuid = {656CF210-D4D6-4790-A844-8EA19B0F36C3}
	EndGlobalSection
EndGlobal
